Microsoft Visual Studio Solution File, Format Version 12.00
# Visual Studio Version 17
VisualStudioVersion = 17.5.2.0
MinimumVisualStudioVersion = 10.0.40219.1
Project("{FAE04EC0-301F-11D3-BF4B-00C04F79EFBC}") = "Lab7_CircleProject", "Lab7_CircleProject.csproj", "{F598C2F0-CA99-D782-E1C2-1D50C9FDAB86}"
EndProject
Global
	GlobalSection(SolutionConfigurationPlatforms) = preSolution
		Debug|Any CPU = Debug|Any CPU
		Release|Any CPU = Release|Any CPU
	EndGlobalSection
	GlobalSection(ProjectConfigurationPlatforms) = postSolution
		{F598C2F0-CA99-D782-E1C2-1D50C9FDAB86}.Debug|Any CPU.ActiveCfg = Debug|Any CPU
		{F598C2F0-CA99-D782-E1C2-1D50C9FDAB86}.Debug|Any CPU.Build.0 = Debug|Any CPU
		{F598C2F0-CA99-D782-E1C2-1D50C9FDAB86}.Release|Any CPU.ActiveCfg = Release|Any CPU
		{F598C2F0-CA99-D782-E1C2-1D50C9FDAB86}.Release|Any CPU.Build.0 = Release|Any CPU
	EndGlobalSection
	GlobalSection(SolutionProperties) = preSolution
		HideSolutionNode = FALSE
	EndGlobalSection
	GlobalSection(ExtensibilityGlobals) = postSolution
		SolutionGuid = {EEEA6501-8B55-42C8-9912-58DFD62910ED}
	EndGlobalSection
EndGlobal
